
Microsoft Visual Studio Solution File, Format Version 12.00
# Visual Studio 2012
Project("{FAE04EC0-301F-11D3-BF4B-00C04F79EFBC}") = "TimeSeriesService", "TimeSeriesService\TimeSeriesService.csproj", "{15B3E0D2-6217-493A-A690-158C497F5318}"
EndProject
Project("{FAE04EC0-301F-11D3-BF4B-00C04F79EFBC}") = "TimeSeries", "TimeSeries\TimeSeries.csproj", "{2260748A-7054-49F1-A9E8-6DFE029F82C3}"
EndProject
Project("{FAE04EC0-301F-11D3-BF4B-00C04F79EFBC}") = "TimeSeriesService.Tests", "TimeSeriesService.Tests\TimeSeriesService.Tests.csproj", "{C97C4EB5-09D1-4DDD-AD3C-C76BB5C71B28}"
EndProject
Project("{FAE04EC0-301F-11D3-BF4B-00C04F79EFBC}") = "TimeSeriesService.Host", "TimeSeriesService.Host\TimeSeriesService.Host.csproj", "{22FD5C83-14EC-4CDA-A18F-7E96B8C5B846}"
EndProject
Project("{FAE04EC0-301F-11D3-BF4B-00C04F79EFBC}") = "TimeSeriesService.Client", "TimeSeriesService.Client\TimeSeriesService.Client.csproj", "{C84DE005-CEE7-4A52-A7E0-1922C6E64D83}"
EndProject
Global
	GlobalSection(SolutionConfigurationPlatforms) = preSolution
		Debug|Any CPU = Debug|Any CPU
		Release|Any CPU = Release|Any CPU
	EndGlobalSection
	GlobalSection(ProjectConfigurationPlatforms) = postSolution
		{15B3E0D2-6217-493A-A690-158C497F5318}.Debug|Any CPU.ActiveCfg = Debug|Any CPU
		{15B3E0D2-6217-493A-A690-158C497F5318}.Debug|Any CPU.Build.0 = Debug|Any CPU
		{15B3E0D2-6217-493A-A690-158C497F5318}.Release|Any CPU.ActiveCfg = Release|Any CPU
		{15B3E0D2-6217-493A-A690-158C497F5318}.Release|Any CPU.Build.0 = Release|Any CPU
		{2260748A-7054-49F1-A9E8-6DFE029F82C3}.Debug|Any CPU.ActiveCfg = Debug|Any CPU
		{2260748A-7054-49F1-A9E8-6DFE029F82C3}.Debug|Any CPU.Build.0 = Debug|Any CPU
		{2260748A-7054-49F1-A9E8-6DFE029F82C3}.Release|Any CPU.ActiveCfg = Release|Any CPU
		{2260748A-7054-49F1-A9E8-6DFE029F82C3}.Release|Any CPU.Build.0 = Release|Any CPU
		{C97C4EB5-09D1-4DDD-AD3C-C76BB5C71B28}.Debug|Any CPU.ActiveCfg = Debug|Any CPU
		{C97C4EB5-09D1-4DDD-AD3C-C76BB5C71B28}.Debug|Any CPU.Build.0 = Debug|Any CPU
		{C97C4EB5-09D1-4DDD-AD3C-C76BB5C71B28}.Release|Any CPU.ActiveCfg = Release|Any CPU
		{C97C4EB5-09D1-4DDD-AD3C-C76BB5C71B28}.Release|Any CPU.Build.0 = Release|Any CPU
		{22FD5C83-14EC-4CDA-A18F-7E96B8C5B846}.Debug|Any CPU.ActiveCfg = Debug|Any CPU
		{22FD5C83-14EC-4CDA-A18F-7E96B8C5B846}.Debug|Any CPU.Build.0 = Debug|Any CPU
		{22FD5C83-14EC-4CDA-A18F-7E96B8C5B846}.Release|Any CPU.ActiveCfg = Release|Any CPU
		{22FD5C83-14EC-4CDA-A18F-7E96B8C5B846}.Release|Any CPU.Build.0 = Release|Any CPU
		{C84DE005-CEE7-4A52-A7E0-1922C6E64D83}.Debug|Any CPU.ActiveCfg = Debug|Any CPU
		{C84DE005-CEE7-4A52-A7E0-1922C6E64D83}.Debug|Any CPU.Build.0 = Debug|Any CPU
		{C84DE005-CEE7-4A52-A7E0-1922C6E64D83}.Release|Any CPU.ActiveCfg = Release|Any CPU
		{C84DE005-CEE7-4A52-A7E0-1922C6E64D83}.Release|Any CPU.Build.0 = Release|Any CPU
	EndGlobalSection
	GlobalSection(SolutionProperties) = preSolution
		HideSolutionNode = FALSE
	EndGlobalSection
EndGlobal
